
Microsoft Visual Studio Solution File, Format Version 12.00
# Visual Studio Version 17
VisualStudioVersion = 17.11.35312.102
MinimumVisualStudioVersion = 10.0.40219.1
Project("{FAE04EC0-301F-11D3-BF4B-00C04F79EFBC}") = "Proyecto1", "Proyecto1\Proyecto1.csproj", "{B2601705-C9A1-4043-AC5C-DB1EC0CE7E33}"
EndProject
Project("{FAE04EC0-301F-11D3-BF4B-00C04F79EFBC}") = "Proyecto2", "Proyecto2\Proyecto2.csproj", "{CDAAD6F5-E7B1-4676-AE14-A91ADCE9B0F6}"
EndProject
Global
	GlobalSection(SolutionConfigurationPlatforms) = preSolution
		Debug|Any CPU = Debug|Any CPU
		Release|Any CPU = Release|Any CPU
	EndGlobalSection
	GlobalSection(ProjectConfigurationPlatforms) = postSolution
		{B2601705-C9A1-4043-AC5C-DB1EC0CE7E33}.Debug|Any CPU.ActiveCfg = Debug|Any CPU
		{B2601705-C9A1-4043-AC5C-DB1EC0CE7E33}.Debug|Any CPU.Build.0 = Debug|Any CPU
		{B2601705-C9A1-4043-AC5C-DB1EC0CE7E33}.Release|Any CPU.ActiveCfg = Release|Any CPU
		{B2601705-C9A1-4043-AC5C-DB1EC0CE7E33}.Release|Any CPU.Build.0 = Release|Any CPU
		{CDAAD6F5-E7B1-4676-AE14-A91ADCE9B0F6}.Debug|Any CPU.ActiveCfg = Debug|Any CPU
		{CDAAD6F5-E7B1-4676-AE14-A91ADCE9B0F6}.Debug|Any CPU.Build.0 = Debug|Any CPU
		{CDAAD6F5-E7B1-4676-AE14-A91ADCE9B0F6}.Release|Any CPU.ActiveCfg = Release|Any CPU
		{CDAAD6F5-E7B1-4676-AE14-A91ADCE9B0F6}.Release|Any CPU.Build.0 = Release|Any CPU
	EndGlobalSection
	GlobalSection(SolutionProperties) = preSolution
		HideSolutionNode = FALSE
	EndGlobalSection
	GlobalSection(ExtensibilityGlobals) = postSolution
		SolutionGuid = {FF3866E2-1AAF-4296-9B76-CA97509307C4}
	EndGlobalSection
EndGlobal
